// !$*UTF8*$!
{
	archiveVersion = 1;
	classes = {
	};
	objectVersion = 50;
	objects = {

/* Begin PBXBuildFile section */
		2484084524A7882B00A8E951 /* AppDelegate.swift in Sources */ = {isa = PBXBuildFile; fileRef = 2484084424A7882B00A8E951 /* AppDelegate.swift */; };
		2484086224A78FA200A8E951 /* Default-568h@2x.png in Resources */ = {isa = PBXBuildFile; fileRef = 2484086124A78FA200A8E951 /* Default-568h@2x.png */; };
		2484086A24A7A04600A8E951 /* Assets.xcassets in Resources */ = {isa = PBXBuildFile; fileRef = 2484084A24A7882D00A8E951 /* Assets.xcassets */; };
		2484086B24A7A23000A8E951 /* LaunchScreen.storyboard in Resources */ = {isa = PBXBuildFile; fileRef = 2484084F24A7882D00A8E951 /* LaunchScreen.storyboard */; };
/* End PBXBuildFile section */

/* Begin PBXFileReference section */
		2484084124A7882B00A8E951 /* lunkinCoffee.app */ = {isa = PBXFileReference; explicitFileType = wrapper.application; includeInIndex = 0; path = lunkinCoffee.app; sourceTree = BUILT_PRODUCTS_DIR; };
		2484084424A7882B00A8E951 /* AppDelegate.swift */ = {isa = PBXFileReference; lastKnownFileType = sourcecode.swift; path = AppDelegate.swift; sourceTree = "<group>"; };
		2484084A24A7882D00A8E951 /* Assets.xcassets */ = {isa = PBXFileReference; lastKnownFileType = folder.assetcatalog; path = Assets.xcassets; sourceTree = "<group>"; };
		2484084D24A7882D00A8E951 /* Preview Assets.xcassets */ = {isa = PBXFileReference; lastKnownFileType = folder.assetcatalog; path = "Preview Assets.xcassets"; sourceTree = "<group>"; };
		2484085024A7882D00A8E951 /* Base */ = {isa = PBXFileReference; lastKnownFileType = file.storyboard; name = Base; path = Base.lproj/LaunchScreen.storyboard; sourceTree = "<group>"; };
		2484085224A7882D00A8E951 /* Info.plist */ = {isa = PBXFileReference; lastKnownFileType = text.plist.xml; path = Info.plist; sourceTree = "<group>"; };
		2484086124A78FA200A8E951 /* Default-568h@2x.png */ = {isa = PBXFileReference; lastKnownFileType = image.png; path = "Default-568h@2x.png"; sourceTree = "<group>"; };
/* End PBXFileReference section */

/* Begin PBXFrameworksBuildPhase section */
		2484083E24A7882B00A8E951 /* Frameworks */ = {
			isa = PBXFrameworksBuildPhase;
			buildActionMask = 2147483647;
			files = (
			);
			runOnlyForDeploymentPostprocessing = 0;
		};
/* End PBXFrameworksBuildPhase section */

/* Begin PBXGroup section */
		2484083824A7882B00A8E951 = {
			isa = PBXGroup;
			children = (
				2484086124A78FA200A8E951 /* Default-568h@2x.png */,
				2484084324A7882B00A8E951 /* lunkinCoffee */,
				2484084224A7882B00A8E951 /* Products */,
			);
			sourceTree = "<group>";
		};
		2484084224A7882B00A8E951 /* Products */ = {
			isa = PBXGroup;
			children = (
				2484084124A7882B00A8E951 /* lunkinCoffee.app */,
			);
			name = Products;
			sourceTree = "<group>";
		};
		2484084324A7882B00A8E951 /* lunkinCoffee */ = {
			isa = PBXGroup;
			children = (
				24C0AE7224A8D5C5008530DA /* Classes */,
				2484084424A7882B00A8E951 /* AppDelegate.swift */,
				2484084A24A7882D00A8E951 /* Assets.xcassets */,
				2484084F24A7882D00A8E951 /* LaunchScreen.storyboard */,
				2484085224A7882D00A8E951 /* Info.plist */,
				2484084C24A7882D00A8E951 /* Preview Content */,
			);
			path = lunkinCoffee;
			sourceTree = "<group>";
		};
		2484084C24A7882D00A8E951 /* Preview Content */ = {
			isa = PBXGroup;
			children = (
				2484084D24A7882D00A8E951 /* Preview Assets.xcassets */,
			);
			path = "Preview Content";
			sourceTree = "<group>";
		};
		24C0AE7224A8D5C5008530DA /* Classes */ = {
			isa = PBXGroup;
			children = (
				24C0AE7424A8D601008530DA /* Main */,
				24C0AE7724A8D66C008530DA /* Home */,
				24C0AE7624A8D64C008530DA /* Follow */,
				24C0AE7824A8D679008530DA /* Tools */,
				24C0AE7324A8D5DB008530DA /* Profiled */,
			);
			name = Classes;
			sourceTree = "<group>";
		};
		24C0AE7324A8D5DB008530DA /* Profiled */ = {
			isa = PBXGroup;
			children = (
			);
			path = Profiled;
			sourceTree = "<group>";
		};
		24C0AE7424A8D601008530DA /* Main */ = {
			isa = PBXGroup;
			children = (
			);
			name = Main;
			sourceTree = "<group>";
		};
		24C0AE7624A8D64C008530DA /* Follow */ = {
			isa = PBXGroup;
			children = (
			);
			name = Follow;
			sourceTree = "<group>";
		};
		24C0AE7724A8D66C008530DA /* Home */ = {
			isa = PBXGroup;
			children = (
			);
			path = Home;
			sourceTree = "<group>";
		};
		24C0AE7824A8D679008530DA /* Tools */ = {
			isa = PBXGroup;
			children = (
			);
			name = Tools;
			sourceTree = "<group>";
		};
/* End PBXGroup section */

/* Begin PBXNativeTarget section */
		2484084024A7882B00A8E951 /* lunkinCoffee */ = {
			isa = PBXNativeTarget;
			buildConfigurationList = 2484085524A7882D00A8E951 /* Build configuration list for PBXNativeTarget "lunkinCoffee" */;
			buildPhases = (
				2484083D24A7882B00A8E951 /* Sources */,
				2484083E24A7882B00A8E951 /* Frameworks */,
				2484083F24A7882B00A8E951 /* Resources */,
			);
			buildRules = (
			);
			dependencies = (
			);
			name = lunkinCoffee;
			productName = lunkinCoffee;
			productReference = 2484084124A7882B00A8E951 /* lunkinCoffee.app */;
			productType = "com.apple.product-type.application";
		};
/* End PBXNativeTarget section */

/* Begin PBXProject section */
		2484083924A7882B00A8E951 /* Project object */ = {
			isa = PBXProject;
			attributes = {
				LastSwiftUpdateCheck = 1150;
				LastUpgradeCheck = 1150;
				ORGANIZATIONNAME = lunkincoffee;
				TargetAttributes = {
					2484084024A7882B00A8E951 = {
						CreatedOnToolsVersion = 11.5;
					};
				};
			};
			buildConfigurationList = 2484083C24A7882B00A8E951 /* Build configuration list for PBXProject "lunkinCoffee" */;
			compatibilityVersion = "Xcode 9.3";
			developmentRegion = en;
			hasScannedForEncodings = 0;
			knownRegions = (
				en,
				Base,
			);
			mainGroup = 2484083824A7882B00A8E951;
			productRefGroup = 2484084224A7882B00A8E951 /* Products */;
			projectDirPath = "";
			projectRoot = "";
			targets = (
				2484084024A7882B00A8E951 /* lunkinCoffee */,
			);
		};
/* End PBXProject section */

/* Begin PBXResourcesBuildPhase section */
		2484083F24A7882B00A8E951 /* Resources */ = {
			isa = PBXResourcesBuildPhase;
			buildActionMask = 2147483647;
			files = (
				2484086B24A7A23000A8E951 /* LaunchScreen.storyboard in Resources */,
				2484086A24A7A04600A8E951 /* Assets.xcassets in Resources */,
				2484086224A78FA200A8E951 /* Default-568h@2x.png in Resources */,
			);
			runOnlyForDeploymentPostprocessing = 0;
		};
/* End PBXResourcesBuildPhase section */

/* Begin PBXSourcesBuildPhase section */
		2484083D24A7882B00A8E951 /* Sources */ = {
			isa = PBXSourcesBuildPhase;
			buildActionMask = 2147483647;
			files = (
				2484084524A7882B00A8E951 /* AppDelegate.swift in Sources */,
			);
			runOnlyForDeploymentPostprocessing = 0;
		};
/* End PBXSourcesBuildPhase section */

/* Begin PBXVariantGroup section */
		2484084F24A7882D00A8E951 /* LaunchScreen.storyboard */ = {
			isa = PBXVariantGroup;
			children = (
				2484085024A7882D00A8E951 /* Base */,
			);
			name = LaunchScreen.storyboard;
			sourceTree = "<group>";
		};
/* End PBXVariantGroup section */

/* Begin XCBuildConfiguration section */
		2484085324A7882D00A8E951 /* Debug */ = {
			isa = XCBuildConfiguration;
			buildSettings = {
				ALWAYS_SEARCH_USER_PATHS = NO;
				CLANG_ANALYZER_NONNULL = YES;
				CLANG_ANALYZER_NUMBER_OBJECT_CONVERSION = YES_AGGRESSIVE;
				CLANG_CXX_LANGUAGE_STANDARD = "gnu++14";
				CLANG_CXX_LIBRARY = "libc++";
				CLANG_ENABLE_MODULES = YES;
				CLANG_ENABLE_OBJC_ARC = YES;
				CLANG_ENABLE_OBJC_WEAK = YES;
				CLANG_WARN_BLOCK_CAPTURE_AUTORELEASING = YES;
				CLANG_WARN_BOOL_CONVERSION = YES;
				CLANG_WARN_COMMA = YES;
				CLANG_WARN_CONSTANT_CONVERSION = YES;
				CLANG_WARN_DEPRECATED_OBJC_IMPLEMENTATIONS = YES;
				CLANG_WARN_DIRECT_OBJC_ISA_USAGE = YES_ERROR;
				CLANG_WARN_DOCUMENTATION_COMMENTS = YES;
				CLANG_WARN_EMPTY_BODY = YES;
				CLANG_WARN_ENUM_CONVERSION = YES;
				CLANG_WARN_INFINITE_RECURSION = YES;
				CLANG_WARN_INT_CONVERSION = YES;
				CLANG_WARN_NON_LITERAL_NULL_CONVERSION = YES;
				CLANG_WARN_OBJC_IMPLICIT_RETAIN_SELF = YES;
				CLANG_WARN_OBJC_LITERAL_CONVERSION = YES;
				CLANG_WARN_OBJC_ROOT_CLASS = YES_ERROR;
				CLANG_WARN_RANGE_LOOP_ANALYSIS = YES;
				CLANG_WARN_STRICT_PROTOTYPES = YES;
				CLANG_WARN_SUSPICIOUS_MOVE = YES;
				CLANG_WARN_UNGUARDED_AVAILABILITY = YES_AGGRESSIVE;
				CLANG_WARN_UNREACHABLE_CODE = YES;
				CLANG_WARN__DUPLICATE_METHOD_MATCH = YES;
				COPY_PHASE_STRIP = NO;
				DEBUG_INFORMATION_FORMAT = dwarf;
				ENABLE_STRICT_OBJC_MSGSEND = YES;
				ENABLE_TESTABILITY = YES;
				GCC_C_LANGUAGE_STANDARD = gnu11;
				GCC_DYNAMIC_NO_PIC = NO;
				GCC_NO_COMMON_BLOCKS = YES;
				GCC_OPTIMIZATION_LEVEL = 0;
				GCC_PREPROCESSOR_DEFINITIONS = (
					"DEBUG=1",
					"$(inherited)",
				);
				GCC_WARN_64_TO_32_BIT_CONVERSION = YES;
				GCC_WARN_ABOUT_RETURN_TYPE = YES_ERROR;
				GCC_WARN_UNDECLARED_SELECTOR = YES;
				GCC_WARN_UNINITIALIZED_AUTOS = YES_AGGRESSIVE;
				GCC_WARN_UNUSED_FUNCTION = YES;
				GCC_WARN_UNUSED_VARIABLE = YES;
				IPHONEOS_DEPLOYMENT_TARGET = 13.5;
				MTL_ENABLE_DEBUG_INFO = INCLUDE_SOURCE;
				MTL_FAST_MATH = YES;
				ONLY_ACTIVE_ARCH = YES;
				SDKROOT = iphoneos;
				SWIFT_ACTIVE_COMPILATION_CONDITIONS = DEBUG;
				SWIFT_OPTIMIZATION_LEVEL = "-Onone";
			};
			name = Debug;
		};
		2484085424A7882D00A8E951 /* Release */ = {
			isa = XCBuildConfiguration;
			buildSettings = {
				ALWAYS_SEARCH_USER_PATHS = NO;
				CLANG_ANALYZER_NONNULL = YES;
				CLANG_ANALYZER_NUMBER_OBJECT_CONVERSION = YES_AGGRESSIVE;
				CLANG_CXX_LANGUAGE_STANDARD = "gnu++14";
				CLANG_CXX_LIBRARY = "libc++";
				CLANG_ENABLE_MODULES = YES;
				CLANG_ENABLE_OBJC_ARC = YES;
				CLANG_ENABLE_OBJC_WEAK = YES;
				CLANG_WARN_BLOCK_CAPTURE_AUTORELEASING = YES;
				CLANG_WARN_BOOL_CONVERSION = YES;
				CLANG_WARN_COMMA = YES;
				CLANG_WARN_CONSTANT_CONVERSION = YES;
				CLANG_WARN_DEPRECATED_OBJC_IMPLEMENTATIONS = YES;
				CLANG_WARN_DIRECT_OBJC_ISA_USAGE = YES_ERROR;
				CLANG_WARN_DOCUMENTATION_COMMENTS = YES;
				CLANG_WARN_EMPTY_BODY = YES;
				CLANG_WARN_ENUM_CONVERSION = YES;
				CLANG_WARN_INFINITE_RECURSION = YES;
				CLANG_WARN_INT_CONVERSION = YES;
				CLANG_WARN_NON_LITERAL_NULL_CONVERSION = YES;
				CLANG_WARN_OBJC_IMPLICIT_RETAIN_SELF = YES;
				CLANG_WARN_OBJC_LITERAL_CONVERSION = YES;
				CLANG_WARN_OBJC_ROOT_CLASS = YES_ERROR;
				CLANG_WARN_RANGE_LOOP_ANALYSIS = YES;
				CLANG_WARN_STRICT_PROTOTYPES = YES;
				CLANG_WARN_SUSPICIOUS_MOVE = YES;
				CLANG_WARN_UNGUARDED_AVAILABILITY = YES_AGGRESSIVE;
				CLANG_WARN_UNREACHABLE_CODE = YES;
				CLANG_WARN__DUPLICATE_METHOD_MATCH = YES;
				COPY_PHASE_STRIP = NO;
				DEBUG_INFORMATION_FORMAT = "dwarf-with-dsym";
				ENABLE_NS_ASSERTIONS = NO;
				ENABLE_STRICT_OBJC_MSGSEND = YES;
				GCC_C_LANGUAGE_STANDARD = gnu11;
				GCC_NO_COMMON_BLOCKS = YES;
				GCC_WARN_64_TO_32_BIT_CONVERSION = YES;
				GCC_WARN_ABOUT_RETURN_TYPE = YES_ERROR;
				GCC_WARN_UNDECLARED_SELECTOR = YES;
				GCC_WARN_UNINITIALIZED_AUTOS = YES_AGGRESSIVE;
				GCC_WARN_UNUSED_FUNCTION = YES;
				GCC_WARN_UNUSED_VARIABLE = YES;
				IPHONEOS_DEPLOYMENT_TARGET = 13.5;
				MTL_ENABLE_DEBUG_INFO = NO;
				MTL_FAST_MATH = YES;
				SDKROOT = iphoneos;
				SWIFT_COMPILATION_MODE = wholemodule;
				SWIFT_OPTIMIZATION_LEVEL = "-O";
				VALIDATE_PRODUCT = YES;
			};
			name = Release;
		};
		2484085624A7882D00A8E951 /* Debug */ = {
			isa = XCBuildConfiguration;
			buildSettings = {
				ASSETCATALOG_COMPILER_APPICON_NAME = AppIcon;
				CODE_SIGN_STYLE = Automatic;
				DEVELOPMENT_ASSET_PATHS = "\"lunkinCoffee/Preview Content\"";
				ENABLE_PREVIEWS = YES;
				INFOPLIST_FILE = lunkinCoffee/Info.plist;
				IPHONEOS_DEPLOYMENT_TARGET = 9.0;
				LD_GENERATE_MAP_FILE = YES;
				LD_RUNPATH_SEARCH_PATHS = (
					"$(inherited)",
					"@executable_path/Frameworks",
				);
				PRODUCT_BUNDLE_IDENTIFIER = "test-lunkincoffee.lunkinCoffee";
				PRODUCT_NAME = "$(TARGET_NAME)";
				SWIFT_VERSION = 5.0;
				TARGETED_DEVICE_FAMILY = "1,2";
			};
			name = Debug;
		};
		2484085724A7882D00A8E951 /* Release */ = {
			isa = XCBuildConfiguration;
			buildSettings = {
				ASSETCATALOG_COMPILER_APPICON_NAME = AppIcon;
				CODE_SIGN_STYLE = Automatic;
				DEVELOPMENT_ASSET_PATHS = "\"lunkinCoffee/Preview Content\"";
				ENABLE_PREVIEWS = YES;
				INFOPLIST_FILE = lunkinCoffee/Info.plist;
				IPHONEOS_DEPLOYMENT_TARGET = 9.0;
				LD_GENERATE_MAP_FILE = YES;
				LD_RUNPATH_SEARCH_PATHS = (
					"$(inherited)",
					"@executable_path/Frameworks",
				);
				PRODUCT_BUNDLE_IDENTIFIER = "test-lunkincoffee.lunkinCoffee";
				PRODUCT_NAME = "$(TARGET_NAME)";
				SWIFT_VERSION = 5.0;
				TARGETED_DEVICE_FAMILY = "1,2";
			};
			name = Release;
		};
/* End XCBuildConfiguration section */

/* Begin XCConfigurationList section */
		2484083C24A7882B00A8E951 /* Build configuration list for PBXProject "lunkinCoffee" */ = {
			isa = XCConfigurationList;
			buildConfigurations = (
				2484085324A7882D00A8E951 /* Debug */,
				2484085424A7882D00A8E951 /* Release */,
			);
			defaultConfigurationIsVisible = 0;
			defaultConfigurationName = Release;
		};
		2484085524A7882D00A8E951 /* Build configuration list for PBXNativeTarget "lunkinCoffee" */ = {
			isa = XCConfigurationList;
			buildConfigurations = (
				2484085624A7882D00A8E951 /* Debug */,
				2484085724A7882D00A8E951 /* Release */,
			);
			defaultConfigurationIsVisible = 0;
			defaultConfigurationName = Release;
		};
/* End XCConfigurationList section */
	};
	rootObject = 2484083924A7882B00A8E951 /* Project object */;
}
